
Microsoft Visual Studio Solution File, Format Version 12.00
# Visual Studio Version 16
VisualStudioVersion = 16.0.31624.102
MinimumVisualStudioVersion = 10.0.40219.1
Project("{FAE04EC0-301F-11D3-BF4B-00C04F79EFBC}") = "Övning 1 20210906", "Övning 1 20210906\Övning 1 20210906.csproj", "{22A42EED-E14A-4F64-80EC-1F8793BF1756}"
EndProject
Project("{FAE04EC0-301F-11D3-BF4B-00C04F79EFBC}") = "Övning 2 20210906", "Övning 2 20210906\Övning 2 20210906.csproj", "{655763C6-377F-4C1B-820C-6129A6849230}"
EndProject
Project("{FAE04EC0-301F-11D3-BF4B-00C04F79EFBC}") = "Övning 3 20210906", "Övning 3 20210906\Övning 3 20210906.csproj", "{7DE47517-D004-4DBA-967F-1FA05FFDE360}"
EndProject
Project("{FAE04EC0-301F-11D3-BF4B-00C04F79EFBC}") = "Övning 4 20210906", "Övning 4 20210906\Övning 4 20210906.csproj", "{5A0574BF-B44D-46E8-B42E-CE7FDA2EAE69}"
EndProject
Global
	GlobalSection(SolutionConfigurationPlatforms) = preSolution
		Debug|Any CPU = Debug|Any CPU
		Release|Any CPU = Release|Any CPU
	EndGlobalSection
	GlobalSection(ProjectConfigurationPlatforms) = postSolution
		{22A42EED-E14A-4F64-80EC-1F8793BF1756}.Debug|Any CPU.ActiveCfg = Debug|Any CPU
		{22A42EED-E14A-4F64-80EC-1F8793BF1756}.Debug|Any CPU.Build.0 = Debug|Any CPU
		{22A42EED-E14A-4F64-80EC-1F8793BF1756}.Release|Any CPU.ActiveCfg = Release|Any CPU
		{22A42EED-E14A-4F64-80EC-1F8793BF1756}.Release|Any CPU.Build.0 = Release|Any CPU
		{655763C6-377F-4C1B-820C-6129A6849230}.Debug|Any CPU.ActiveCfg = Debug|Any CPU
		{655763C6-377F-4C1B-820C-6129A6849230}.Debug|Any CPU.Build.0 = Debug|Any CPU
		{655763C6-377F-4C1B-820C-6129A6849230}.Release|Any CPU.ActiveCfg = Release|Any CPU
		{655763C6-377F-4C1B-820C-6129A6849230}.Release|Any CPU.Build.0 = Release|Any CPU
		{7DE47517-D004-4DBA-967F-1FA05FFDE360}.Debug|Any CPU.ActiveCfg = Debug|Any CPU
		{7DE47517-D004-4DBA-967F-1FA05FFDE360}.Debug|Any CPU.Build.0 = Debug|Any CPU
		{7DE47517-D004-4DBA-967F-1FA05FFDE360}.Release|Any CPU.ActiveCfg = Release|Any CPU
		{7DE47517-D004-4DBA-967F-1FA05FFDE360}.Release|Any CPU.Build.0 = Release|Any CPU
		{5A0574BF-B44D-46E8-B42E-CE7FDA2EAE69}.Debug|Any CPU.ActiveCfg = Debug|Any CPU
		{5A0574BF-B44D-46E8-B42E-CE7FDA2EAE69}.Debug|Any CPU.Build.0 = Debug|Any CPU
		{5A0574BF-B44D-46E8-B42E-CE7FDA2EAE69}.Release|Any CPU.ActiveCfg = Release|Any CPU
		{5A0574BF-B44D-46E8-B42E-CE7FDA2EAE69}.Release|Any CPU.Build.0 = Release|Any CPU
	EndGlobalSection
	GlobalSection(SolutionProperties) = preSolution
		HideSolutionNode = FALSE
	EndGlobalSection
	GlobalSection(ExtensibilityGlobals) = postSolution
		SolutionGuid = {CE952E09-00F7-40A3-9349-6817D9B24C2D}
	EndGlobalSection
EndGlobal
