
Microsoft Visual Studio Solution File, Format Version 12.00
# Visual Studio Version 17
VisualStudioVersion = 17.0.32112.339
MinimumVisualStudioVersion = 10.0.40219.1
Project("{9A19103F-16F7-4668-BE54-9A1E7A4F7556}") = "SpecFlowTest", "SpecFlowTest\SpecFlowTest.csproj", "{245CBD3A-8801-4843-843F-66720E166BE7}"
EndProject
Project("{FAE04EC0-301F-11D3-BF4B-00C04F79EFBC}") = "SpecFlowTest_Testing", "SpecFlowTest_Testing\SpecFlowTest_Testing.csproj", "{DBF5DD67-92F5-40EE-BC5A-78E08B50199D}"
EndProject
Global
	GlobalSection(SolutionConfigurationPlatforms) = preSolution
		Debug|Any CPU = Debug|Any CPU
		Release|Any CPU = Release|Any CPU
	EndGlobalSection
	GlobalSection(ProjectConfigurationPlatforms) = postSolution
		{245CBD3A-8801-4843-843F-66720E166BE7}.Debug|Any CPU.ActiveCfg = Debug|Any CPU
		{245CBD3A-8801-4843-843F-66720E166BE7}.Debug|Any CPU.Build.0 = Debug|Any CPU
		{245CBD3A-8801-4843-843F-66720E166BE7}.Release|Any CPU.ActiveCfg = Release|Any CPU
		{245CBD3A-8801-4843-843F-66720E166BE7}.Release|Any CPU.Build.0 = Release|Any CPU
		{DBF5DD67-92F5-40EE-BC5A-78E08B50199D}.Debug|Any CPU.ActiveCfg = Debug|Any CPU
		{DBF5DD67-92F5-40EE-BC5A-78E08B50199D}.Debug|Any CPU.Build.0 = Debug|Any CPU
		{DBF5DD67-92F5-40EE-BC5A-78E08B50199D}.Release|Any CPU.ActiveCfg = Release|Any CPU
		{DBF5DD67-92F5-40EE-BC5A-78E08B50199D}.Release|Any CPU.Build.0 = Release|Any CPU
	EndGlobalSection
	GlobalSection(SolutionProperties) = preSolution
		HideSolutionNode = FALSE
	EndGlobalSection
	GlobalSection(ExtensibilityGlobals) = postSolution
		SolutionGuid = {8A3E6E01-CD6E-45E3-AF39-DEBF7EDC93FC}
	EndGlobalSection
EndGlobal
