
Microsoft Visual Studio Solution File, Format Version 12.00
# Visual Studio Version 16
VisualStudioVersion = 16.0.31624.102
MinimumVisualStudioVersion = 10.0.40219.1
Project("{FAE04EC0-301F-11D3-BF4B-00C04F79EFBC}") = "CarRentalApp2", "CarRentalApp2\CarRentalApp2.csproj", "{F472DB09-28F7-41A8-9F6A-EB7460EC7726}"
EndProject
Global
	GlobalSection(SolutionConfigurationPlatforms) = preSolution
		Debug|Any CPU = Debug|Any CPU
		Release|Any CPU = Release|Any CPU
	EndGlobalSection
	GlobalSection(ProjectConfigurationPlatforms) = postSolution
		{F472DB09-28F7-41A8-9F6A-EB7460EC7726}.Debug|Any CPU.ActiveCfg = Debug|Any CPU
		{F472DB09-28F7-41A8-9F6A-EB7460EC7726}.Debug|Any CPU.Build.0 = Debug|Any CPU
		{F472DB09-28F7-41A8-9F6A-EB7460EC7726}.Release|Any CPU.ActiveCfg = Release|Any CPU
		{F472DB09-28F7-41A8-9F6A-EB7460EC7726}.Release|Any CPU.Build.0 = Release|Any CPU
	EndGlobalSection
	GlobalSection(SolutionProperties) = preSolution
		HideSolutionNode = FALSE
	EndGlobalSection
	GlobalSection(ExtensibilityGlobals) = postSolution
		SolutionGuid = {86522AD8-1A5C-41F4-B78C-6A7925E12243}
	EndGlobalSection
EndGlobal
