
Microsoft Visual Studio Solution File, Format Version 12.00
# Visual Studio Version 16
VisualStudioVersion = 16.0.31624.102
MinimumVisualStudioVersion = 10.0.40219.1
Project("{FAE04EC0-301F-11D3-BF4B-00C04F79EFBC}") = "Övningar 20211018", "Övningar 20211018\Övningar 20211018.csproj", "{B99AEAE6-8C94-4BFF-8A72-F218D3CDBCAA}"
EndProject
Global
	GlobalSection(SolutionConfigurationPlatforms) = preSolution
		Debug|Any CPU = Debug|Any CPU
		Release|Any CPU = Release|Any CPU
	EndGlobalSection
	GlobalSection(ProjectConfigurationPlatforms) = postSolution
		{B99AEAE6-8C94-4BFF-8A72-F218D3CDBCAA}.Debug|Any CPU.ActiveCfg = Debug|Any CPU
		{B99AEAE6-8C94-4BFF-8A72-F218D3CDBCAA}.Debug|Any CPU.Build.0 = Debug|Any CPU
		{B99AEAE6-8C94-4BFF-8A72-F218D3CDBCAA}.Release|Any CPU.ActiveCfg = Release|Any CPU
		{B99AEAE6-8C94-4BFF-8A72-F218D3CDBCAA}.Release|Any CPU.Build.0 = Release|Any CPU
	EndGlobalSection
	GlobalSection(SolutionProperties) = preSolution
		HideSolutionNode = FALSE
	EndGlobalSection
	GlobalSection(ExtensibilityGlobals) = postSolution
		SolutionGuid = {9B26341E-4CE0-4611-BE95-F4F27BE09346}
	EndGlobalSection
EndGlobal
