
Microsoft Visual Studio Solution File, Format Version 12.00
# Visual Studio Version 16
VisualStudioVersion = 16.0.31624.102
MinimumVisualStudioVersion = 10.0.40219.1
Project("{9A19103F-16F7-4668-BE54-9A1E7A4F7556}") = "Övning 1 Basgrupp 20210909", "Övning 1 Basgrupp 20210909\Övning 1 Basgrupp 20210909.csproj", "{F7F58C9F-A16B-4395-BAE7-5CB8505685C2}"
EndProject
Project("{FAE04EC0-301F-11D3-BF4B-00C04F79EFBC}") = "Övning föreläsning List 1", "Övning föreläsning List 1\Övning föreläsning List 1.csproj", "{83E08D3E-95C5-40AA-8B9D-439BAC18452D}"
EndProject
Project("{FAE04EC0-301F-11D3-BF4B-00C04F79EFBC}") = "Övning föreläsning List 2", "Övning föreläsning List 2\Övning föreläsning List 2.csproj", "{9C04107D-8D97-438C-BAA3-6111979ACC18}"
EndProject
Project("{FAE04EC0-301F-11D3-BF4B-00C04F79EFBC}") = "Lista i lista", "Lista i lista\Lista i lista.csproj", "{E3669627-960F-418D-A284-A9CB5428746E}"
EndProject
Project("{FAE04EC0-301F-11D3-BF4B-00C04F79EFBC}") = "Övning föreläsning List 3", "Övning föreläsning List 3\Övning föreläsning List 3.csproj", "{B220185B-0229-402B-A7E7-844823EBF9C2}"
EndProject
Project("{FAE04EC0-301F-11D3-BF4B-00C04F79EFBC}") = "Övning föreläsning List 4", "Övning föreläsning List 4\Övning föreläsning List 4.csproj", "{2BC4BA3D-2BAC-41FA-AF6F-E9C898B5616A}"
EndProject
Project("{FAE04EC0-301F-11D3-BF4B-00C04F79EFBC}") = "Övning föreläsning List 5", "Övning föreläsning List 5\Övning föreläsning List 5.csproj", "{9DE348A6-2964-49DD-A070-4FE5CA061CC9}"
EndProject
Project("{FAE04EC0-301F-11D3-BF4B-00C04F79EFBC}") = "Övning 1 20210909", "Övning 1 20210909\Övning 1 20210909.csproj", "{2133D06B-A6C3-4529-AB1F-EE0B299E2B4B}"
EndProject
Project("{FAE04EC0-301F-11D3-BF4B-00C04F79EFBC}") = "Övning 2 20210909", "Övning 2 20210909\Övning 2 20210909.csproj", "{50F023D1-75B1-48B3-816C-AAC871EDAC3B}"
EndProject
Project("{FAE04EC0-301F-11D3-BF4B-00C04F79EFBC}") = "Övning 3 20210909", "Övning 3 20210909\Övning 3 20210909.csproj", "{0E976D28-BE35-47C1-87B5-13C9D27C1664}"
EndProject
Project("{FAE04EC0-301F-11D3-BF4B-00C04F79EFBC}") = "Övning 4 20210909", "Övning 4 20210909\Övning 4 20210909.csproj", "{BAE3F6D7-F57B-41D7-91FA-5D7DDD81F898}"
EndProject
Project("{FAE04EC0-301F-11D3-BF4B-00C04F79EFBC}") = "Övning 5 20210909", "Övning 5 20210909\Övning 5 20210909.csproj", "{ECECD4DE-9BD2-4884-9008-7C7BB1B93B4D}"
EndProject
Project("{FAE04EC0-301F-11D3-BF4B-00C04F79EFBC}") = "Övning 6 20210909", "Övning 6 20210909\Övning 6 20210909.csproj", "{C13A69A2-2081-4F28-8D83-D20A06585907}"
EndProject
Global
	GlobalSection(SolutionConfigurationPlatforms) = preSolution
		Debug|Any CPU = Debug|Any CPU
		Release|Any CPU = Release|Any CPU
	EndGlobalSection
	GlobalSection(ProjectConfigurationPlatforms) = postSolution
		{F7F58C9F-A16B-4395-BAE7-5CB8505685C2}.Debug|Any CPU.ActiveCfg = Debug|Any CPU
		{F7F58C9F-A16B-4395-BAE7-5CB8505685C2}.Debug|Any CPU.Build.0 = Debug|Any CPU
		{F7F58C9F-A16B-4395-BAE7-5CB8505685C2}.Release|Any CPU.ActiveCfg = Release|Any CPU
		{F7F58C9F-A16B-4395-BAE7-5CB8505685C2}.Release|Any CPU.Build.0 = Release|Any CPU
		{83E08D3E-95C5-40AA-8B9D-439BAC18452D}.Debug|Any CPU.ActiveCfg = Debug|Any CPU
		{83E08D3E-95C5-40AA-8B9D-439BAC18452D}.Debug|Any CPU.Build.0 = Debug|Any CPU
		{83E08D3E-95C5-40AA-8B9D-439BAC18452D}.Release|Any CPU.ActiveCfg = Release|Any CPU
		{83E08D3E-95C5-40AA-8B9D-439BAC18452D}.Release|Any CPU.Build.0 = Release|Any CPU
		{9C04107D-8D97-438C-BAA3-6111979ACC18}.Debug|Any CPU.ActiveCfg = Debug|Any CPU
		{9C04107D-8D97-438C-BAA3-6111979ACC18}.Debug|Any CPU.Build.0 = Debug|Any CPU
		{9C04107D-8D97-438C-BAA3-6111979ACC18}.Release|Any CPU.ActiveCfg = Release|Any CPU
		{9C04107D-8D97-438C-BAA3-6111979ACC18}.Release|Any CPU.Build.0 = Release|Any CPU
		{E3669627-960F-418D-A284-A9CB5428746E}.Debug|Any CPU.ActiveCfg = Debug|Any CPU
		{E3669627-960F-418D-A284-A9CB5428746E}.Debug|Any CPU.Build.0 = Debug|Any CPU
		{E3669627-960F-418D-A284-A9CB5428746E}.Release|Any CPU.ActiveCfg = Release|Any CPU
		{E3669627-960F-418D-A284-A9CB5428746E}.Release|Any CPU.Build.0 = Release|Any CPU
		{B220185B-0229-402B-A7E7-844823EBF9C2}.Debug|Any CPU.ActiveCfg = Debug|Any CPU
		{B220185B-0229-402B-A7E7-844823EBF9C2}.Debug|Any CPU.Build.0 = Debug|Any CPU
		{B220185B-0229-402B-A7E7-844823EBF9C2}.Release|Any CPU.ActiveCfg = Release|Any CPU
		{B220185B-0229-402B-A7E7-844823EBF9C2}.Release|Any CPU.Build.0 = Release|Any CPU
		{2BC4BA3D-2BAC-41FA-AF6F-E9C898B5616A}.Debug|Any CPU.ActiveCfg = Debug|Any CPU
		{2BC4BA3D-2BAC-41FA-AF6F-E9C898B5616A}.Debug|Any CPU.Build.0 = Debug|Any CPU
		{2BC4BA3D-2BAC-41FA-AF6F-E9C898B5616A}.Release|Any CPU.ActiveCfg = Release|Any CPU
		{2BC4BA3D-2BAC-41FA-AF6F-E9C898B5616A}.Release|Any CPU.Build.0 = Release|Any CPU
		{9DE348A6-2964-49DD-A070-4FE5CA061CC9}.Debug|Any CPU.ActiveCfg = Debug|Any CPU
		{9DE348A6-2964-49DD-A070-4FE5CA061CC9}.Debug|Any CPU.Build.0 = Debug|Any CPU
		{9DE348A6-2964-49DD-A070-4FE5CA061CC9}.Release|Any CPU.ActiveCfg = Release|Any CPU
		{9DE348A6-2964-49DD-A070-4FE5CA061CC9}.Release|Any CPU.Build.0 = Release|Any CPU
		{2133D06B-A6C3-4529-AB1F-EE0B299E2B4B}.Debug|Any CPU.ActiveCfg = Debug|Any CPU
		{2133D06B-A6C3-4529-AB1F-EE0B299E2B4B}.Debug|Any CPU.Build.0 = Debug|Any CPU
		{2133D06B-A6C3-4529-AB1F-EE0B299E2B4B}.Release|Any CPU.ActiveCfg = Release|Any CPU
		{2133D06B-A6C3-4529-AB1F-EE0B299E2B4B}.Release|Any CPU.Build.0 = Release|Any CPU
		{50F023D1-75B1-48B3-816C-AAC871EDAC3B}.Debug|Any CPU.ActiveCfg = Debug|Any CPU
		{50F023D1-75B1-48B3-816C-AAC871EDAC3B}.Debug|Any CPU.Build.0 = Debug|Any CPU
		{50F023D1-75B1-48B3-816C-AAC871EDAC3B}.Release|Any CPU.ActiveCfg = Release|Any CPU
		{50F023D1-75B1-48B3-816C-AAC871EDAC3B}.Release|Any CPU.Build.0 = Release|Any CPU
		{0E976D28-BE35-47C1-87B5-13C9D27C1664}.Debug|Any CPU.ActiveCfg = Debug|Any CPU
		{0E976D28-BE35-47C1-87B5-13C9D27C1664}.Debug|Any CPU.Build.0 = Debug|Any CPU
		{0E976D28-BE35-47C1-87B5-13C9D27C1664}.Release|Any CPU.ActiveCfg = Release|Any CPU
		{0E976D28-BE35-47C1-87B5-13C9D27C1664}.Release|Any CPU.Build.0 = Release|Any CPU
		{BAE3F6D7-F57B-41D7-91FA-5D7DDD81F898}.Debug|Any CPU.ActiveCfg = Debug|Any CPU
		{BAE3F6D7-F57B-41D7-91FA-5D7DDD81F898}.Debug|Any CPU.Build.0 = Debug|Any CPU
		{BAE3F6D7-F57B-41D7-91FA-5D7DDD81F898}.Release|Any CPU.ActiveCfg = Release|Any CPU
		{BAE3F6D7-F57B-41D7-91FA-5D7DDD81F898}.Release|Any CPU.Build.0 = Release|Any CPU
		{ECECD4DE-9BD2-4884-9008-7C7BB1B93B4D}.Debug|Any CPU.ActiveCfg = Debug|Any CPU
		{ECECD4DE-9BD2-4884-9008-7C7BB1B93B4D}.Debug|Any CPU.Build.0 = Debug|Any CPU
		{ECECD4DE-9BD2-4884-9008-7C7BB1B93B4D}.Release|Any CPU.ActiveCfg = Release|Any CPU
		{ECECD4DE-9BD2-4884-9008-7C7BB1B93B4D}.Release|Any CPU.Build.0 = Release|Any CPU
		{C13A69A2-2081-4F28-8D83-D20A06585907}.Debug|Any CPU.ActiveCfg = Debug|Any CPU
		{C13A69A2-2081-4F28-8D83-D20A06585907}.Debug|Any CPU.Build.0 = Debug|Any CPU
		{C13A69A2-2081-4F28-8D83-D20A06585907}.Release|Any CPU.ActiveCfg = Release|Any CPU
		{C13A69A2-2081-4F28-8D83-D20A06585907}.Release|Any CPU.Build.0 = Release|Any CPU
	EndGlobalSection
	GlobalSection(SolutionProperties) = preSolution
		HideSolutionNode = FALSE
	EndGlobalSection
	GlobalSection(ExtensibilityGlobals) = postSolution
		SolutionGuid = {735CC11F-5618-4E03-9B08-A5AECFCA2133}
	EndGlobalSection
EndGlobal
