
Microsoft Visual Studio Solution File, Format Version 12.00
# Visual Studio Version 16
VisualStudioVersion = 16.0.31515.178
MinimumVisualStudioVersion = 10.0.40219.1
Project("{FAE04EC0-301F-11D3-BF4B-00C04F79EFBC}") = "Övning 1 20210902", "Övning 1 20210902\Övning 1 20210902.csproj", "{2941C4E9-2B36-4339-B8DD-19E5729926D0}"
EndProject
Project("{FAE04EC0-301F-11D3-BF4B-00C04F79EFBC}") = "Övning 2 20210902", "Övning 2 20210902\Övning 2 20210902.csproj", "{772971E7-670C-4AE1-8ECE-EDF4D4966CD8}"
EndProject
Project("{FAE04EC0-301F-11D3-BF4B-00C04F79EFBC}") = "Övning 3 20210902", "Övning 3 20210902\Övning 3 20210902.csproj", "{A106D60A-734C-4957-805E-5852A8534BA4}"
EndProject
Project("{FAE04EC0-301F-11D3-BF4B-00C04F79EFBC}") = "Övning 4 20210902", "Övning 4 20210902\Övning 4 20210902.csproj", "{394BBE28-A124-42C3-A5E6-17B4087AC6DB}"
EndProject
Project("{FAE04EC0-301F-11D3-BF4B-00C04F79EFBC}") = "Övning 5 20210902", "Övning 5 20210902\Övning 5 20210902.csproj", "{93DE7866-E66C-47B2-B2ED-4C391BF8C866}"
EndProject
Project("{FAE04EC0-301F-11D3-BF4B-00C04F79EFBC}") = "Övning 6 20210902", "Övning 6 20210902\Övning 6 20210902.csproj", "{BD99297D-1163-4CBA-937F-295AAF985447}"
EndProject
Global
	GlobalSection(SolutionConfigurationPlatforms) = preSolution
		Debug|Any CPU = Debug|Any CPU
		Release|Any CPU = Release|Any CPU
	EndGlobalSection
	GlobalSection(ProjectConfigurationPlatforms) = postSolution
		{2941C4E9-2B36-4339-B8DD-19E5729926D0}.Debug|Any CPU.ActiveCfg = Debug|Any CPU
		{2941C4E9-2B36-4339-B8DD-19E5729926D0}.Debug|Any CPU.Build.0 = Debug|Any CPU
		{2941C4E9-2B36-4339-B8DD-19E5729926D0}.Release|Any CPU.ActiveCfg = Release|Any CPU
		{2941C4E9-2B36-4339-B8DD-19E5729926D0}.Release|Any CPU.Build.0 = Release|Any CPU
		{772971E7-670C-4AE1-8ECE-EDF4D4966CD8}.Debug|Any CPU.ActiveCfg = Debug|Any CPU
		{772971E7-670C-4AE1-8ECE-EDF4D4966CD8}.Debug|Any CPU.Build.0 = Debug|Any CPU
		{772971E7-670C-4AE1-8ECE-EDF4D4966CD8}.Release|Any CPU.ActiveCfg = Release|Any CPU
		{772971E7-670C-4AE1-8ECE-EDF4D4966CD8}.Release|Any CPU.Build.0 = Release|Any CPU
		{A106D60A-734C-4957-805E-5852A8534BA4}.Debug|Any CPU.ActiveCfg = Debug|Any CPU
		{A106D60A-734C-4957-805E-5852A8534BA4}.Debug|Any CPU.Build.0 = Debug|Any CPU
		{A106D60A-734C-4957-805E-5852A8534BA4}.Release|Any CPU.ActiveCfg = Release|Any CPU
		{A106D60A-734C-4957-805E-5852A8534BA4}.Release|Any CPU.Build.0 = Release|Any CPU
		{394BBE28-A124-42C3-A5E6-17B4087AC6DB}.Debug|Any CPU.ActiveCfg = Debug|Any CPU
		{394BBE28-A124-42C3-A5E6-17B4087AC6DB}.Debug|Any CPU.Build.0 = Debug|Any CPU
		{394BBE28-A124-42C3-A5E6-17B4087AC6DB}.Release|Any CPU.ActiveCfg = Release|Any CPU
		{394BBE28-A124-42C3-A5E6-17B4087AC6DB}.Release|Any CPU.Build.0 = Release|Any CPU
		{93DE7866-E66C-47B2-B2ED-4C391BF8C866}.Debug|Any CPU.ActiveCfg = Debug|Any CPU
		{93DE7866-E66C-47B2-B2ED-4C391BF8C866}.Debug|Any CPU.Build.0 = Debug|Any CPU
		{93DE7866-E66C-47B2-B2ED-4C391BF8C866}.Release|Any CPU.ActiveCfg = Release|Any CPU
		{93DE7866-E66C-47B2-B2ED-4C391BF8C866}.Release|Any CPU.Build.0 = Release|Any CPU
		{BD99297D-1163-4CBA-937F-295AAF985447}.Debug|Any CPU.ActiveCfg = Debug|Any CPU
		{BD99297D-1163-4CBA-937F-295AAF985447}.Debug|Any CPU.Build.0 = Debug|Any CPU
		{BD99297D-1163-4CBA-937F-295AAF985447}.Release|Any CPU.ActiveCfg = Release|Any CPU
		{BD99297D-1163-4CBA-937F-295AAF985447}.Release|Any CPU.Build.0 = Release|Any CPU
	EndGlobalSection
	GlobalSection(SolutionProperties) = preSolution
		HideSolutionNode = FALSE
	EndGlobalSection
	GlobalSection(ExtensibilityGlobals) = postSolution
		SolutionGuid = {76880162-75CA-4684-810A-FED3263C6C8F}
	EndGlobalSection
EndGlobal
